
Microsoft Visual Studio Solution File, Format Version 12.00
# Visual Studio Version 17
VisualStudioVersion = 17.1.32328.378
MinimumVisualStudioVersion = 10.0.40219.1
Project("{9A19103F-16F7-4668-BE54-9A1E7A4F7556}") = "Demo.Api", "Demo.Api\Demo.Api.csproj", "{1EAE8505-B971-4DE7-9A79-373A4E4EF3B7}"
EndProject
Project("{9A19103F-16F7-4668-BE54-9A1E7A4F7556}") = "Demo.Client", "Demo.Client\Demo.Client.csproj", "{9F6D3772-D0F7-4FEB-ABD6-DABD510FD450}"
EndProject
Global
	GlobalSection(SolutionConfigurationPlatforms) = preSolution
		Debug|Any CPU = Debug|Any CPU
		Release|Any CPU = Release|Any CPU
	EndGlobalSection
	GlobalSection(ProjectConfigurationPlatforms) = postSolution
		{1EAE8505-B971-4DE7-9A79-373A4E4EF3B7}.Debug|Any CPU.ActiveCfg = Debug|Any CPU
		{1EAE8505-B971-4DE7-9A79-373A4E4EF3B7}.Debug|Any CPU.Build.0 = Debug|Any CPU
		{1EAE8505-B971-4DE7-9A79-373A4E4EF3B7}.Release|Any CPU.ActiveCfg = Release|Any CPU
		{1EAE8505-B971-4DE7-9A79-373A4E4EF3B7}.Release|Any CPU.Build.0 = Release|Any CPU
		{9F6D3772-D0F7-4FEB-ABD6-DABD510FD450}.Debug|Any CPU.ActiveCfg = Debug|Any CPU
		{9F6D3772-D0F7-4FEB-ABD6-DABD510FD450}.Debug|Any CPU.Build.0 = Debug|Any CPU
		{9F6D3772-D0F7-4FEB-ABD6-DABD510FD450}.Release|Any CPU.ActiveCfg = Release|Any CPU
		{9F6D3772-D0F7-4FEB-ABD6-DABD510FD450}.Release|Any CPU.Build.0 = Release|Any CPU
	EndGlobalSection
	GlobalSection(SolutionProperties) = preSolution
		HideSolutionNode = FALSE
	EndGlobalSection
	GlobalSection(ExtensibilityGlobals) = postSolution
		SolutionGuid = {F9D8E152-EA2D-4C9E-88EE-83E14B158590}
	EndGlobalSection
EndGlobal
